
Microsoft Visual Studio Solution File, Format Version 12.00
# Visual Studio 14
VisualStudioVersion = 14.0.25420.1
MinimumVisualStudioVersion = 10.0.40219.1
Project("{2150E333-8FDC-42A3-9474-1A3956D46DE8}") = "src", "src", "{C72A0DB9-ABCE-41B0-A0BA-5EE7E0F662E6}"
EndProject
Project("{2150E333-8FDC-42A3-9474-1A3956D46DE8}") = "test", "test", "{24503FFC-9B39-45A0-97CE-A8749B68316E}"
EndProject
Project("{2150E333-8FDC-42A3-9474-1A3956D46DE8}") = "solution items", "solution items", "{0FD5FE52-F41E-41A5-88E3-A55E5A3E7753}"
	ProjectSection(SolutionItems) = preProject
		.gitattributes = .gitattributes
		.gitignore = .gitignore
		README.md = README.md
		release.md = release.md
	EndProjectSection
EndProject
Project("{2150E333-8FDC-42A3-9474-1A3956D46DE8}") = "01-Sample Demo", "01-Sample Demo", "{D0079156-7671-4B69-9B38-1663E3D68D81}"
EndProject
Project("{A07B5EB6-E848-4116-A8D0-A826331D98C6}") = "SampleDemoApplication", "test\SampleDemoApplication\SampleDemoApplication.sfproj", "{94E74233-756D-4ECB-BB35-9F740BA73E5D}"
EndProject
Project("{2150E333-8FDC-42A3-9474-1A3956D46DE8}") = "02-TicTacToe", "02-TicTacToe", "{5CFA9070-14CD-44F2-833F-D59A13CADA0F}"
EndProject
Project("{A07B5EB6-E848-4116-A8D0-A826331D98C6}") = "ActorTicTacToeApplication", "test\ActorTicTacToeApplication\ActorTicTacToeApplication.sfproj", "{37805E02-3316-472E-A1C1-9E16D2DEDD78}"
EndProject
Project("{FAE04EC0-301F-11D3-BF4B-00C04F79EFBC}") = "Player", "test\Player\Player.csproj", "{4850A2AE-52F9-449F-B1D2-8F0834633112}"
EndProject
Project("{FAE04EC0-301F-11D3-BF4B-00C04F79EFBC}") = "Player.Interfaces", "test\Player.Interfaces\Player.Interfaces.csproj", "{C75E3465-EE7C-4518-9A7E-F9A42BFEA02C}"
EndProject
Project("{FAE04EC0-301F-11D3-BF4B-00C04F79EFBC}") = "Game", "test\Game\Game.csproj", "{796AE7CB-89E1-448C-9E56-42318A2439F2}"
EndProject
Project("{FAE04EC0-301F-11D3-BF4B-00C04F79EFBC}") = "Game.Interfaces", "test\Game.Interfaces\Game.Interfaces.csproj", "{378370A4-8831-4240-8597-0D9166ABC169}"
EndProject
Project("{FAE04EC0-301F-11D3-BF4B-00C04F79EFBC}") = "TestClient", "test\TestClient\TestClient.csproj", "{48746BC6-E2BF-4D4E-BAF3-D62AD3EF6724}"
EndProject
Project("{FAE04EC0-301F-11D3-BF4B-00C04F79EFBC}") = "TestClient2", "test\TestClient2\TestClient2.csproj", "{7E9309E1-FD0A-4E6A-8498-345346441F55}"
EndProject
Project("{FAE04EC0-301F-11D3-BF4B-00C04F79EFBC}") = "CounterStatelessService", "test\CounterStatelessService\CounterStatelessService.csproj", "{D2BD63C4-2871-4791-ACDA-2865A322E35D}"
EndProject
Project("{FAE04EC0-301F-11D3-BF4B-00C04F79EFBC}") = "CounterStatelessService.Interface", "test\CounterStatelessService.Interface\CounterStatelessService.Interface.csproj", "{890CA30A-12BF-43AC-9152-A32DBD152BF3}"
EndProject
Project("{2150E333-8FDC-42A3-9474-1A3956D46DE8}") = "99-Client", "99-Client", "{5A1EB6D6-F6DC-4872-B0D7-EB4CA01CE562}"
EndProject
Project("{FAE04EC0-301F-11D3-BF4B-00C04F79EFBC}") = "CountStatelessClient", "test\CountStatelessClient\CountStatelessClient.csproj", "{C16A83F8-7700-4885-9F00-7559046339AB}"
EndProject
Global
	GlobalSection(SolutionConfigurationPlatforms) = preSolution
		Debug|Any CPU = Debug|Any CPU
		Debug|x64 = Debug|x64
		Release|Any CPU = Release|Any CPU
		Release|x64 = Release|x64
	EndGlobalSection
	GlobalSection(ProjectConfigurationPlatforms) = postSolution
		{94E74233-756D-4ECB-BB35-9F740BA73E5D}.Debug|Any CPU.ActiveCfg = Debug|x64
		{94E74233-756D-4ECB-BB35-9F740BA73E5D}.Debug|x64.ActiveCfg = Debug|x64
		{94E74233-756D-4ECB-BB35-9F740BA73E5D}.Debug|x64.Build.0 = Debug|x64
		{94E74233-756D-4ECB-BB35-9F740BA73E5D}.Debug|x64.Deploy.0 = Debug|x64
		{94E74233-756D-4ECB-BB35-9F740BA73E5D}.Release|Any CPU.ActiveCfg = Release|x64
		{94E74233-756D-4ECB-BB35-9F740BA73E5D}.Release|x64.ActiveCfg = Release|x64
		{94E74233-756D-4ECB-BB35-9F740BA73E5D}.Release|x64.Build.0 = Release|x64
		{94E74233-756D-4ECB-BB35-9F740BA73E5D}.Release|x64.Deploy.0 = Release|x64
		{37805E02-3316-472E-A1C1-9E16D2DEDD78}.Debug|Any CPU.ActiveCfg = Debug|x64
		{37805E02-3316-472E-A1C1-9E16D2DEDD78}.Debug|x64.ActiveCfg = Debug|x64
		{37805E02-3316-472E-A1C1-9E16D2DEDD78}.Debug|x64.Build.0 = Debug|x64
		{37805E02-3316-472E-A1C1-9E16D2DEDD78}.Debug|x64.Deploy.0 = Debug|x64
		{37805E02-3316-472E-A1C1-9E16D2DEDD78}.Release|Any CPU.ActiveCfg = Release|x64
		{37805E02-3316-472E-A1C1-9E16D2DEDD78}.Release|x64.ActiveCfg = Release|x64
		{37805E02-3316-472E-A1C1-9E16D2DEDD78}.Release|x64.Build.0 = Release|x64
		{37805E02-3316-472E-A1C1-9E16D2DEDD78}.Release|x64.Deploy.0 = Release|x64
		{4850A2AE-52F9-449F-B1D2-8F0834633112}.Debug|Any CPU.ActiveCfg = Debug|x64
		{4850A2AE-52F9-449F-B1D2-8F0834633112}.Debug|x64.ActiveCfg = Debug|x64
		{4850A2AE-52F9-449F-B1D2-8F0834633112}.Debug|x64.Build.0 = Debug|x64
		{4850A2AE-52F9-449F-B1D2-8F0834633112}.Release|Any CPU.ActiveCfg = Release|x64
		{4850A2AE-52F9-449F-B1D2-8F0834633112}.Release|x64.ActiveCfg = Release|x64
		{4850A2AE-52F9-449F-B1D2-8F0834633112}.Release|x64.Build.0 = Release|x64
		{C75E3465-EE7C-4518-9A7E-F9A42BFEA02C}.Debug|Any CPU.ActiveCfg = Debug|x64
		{C75E3465-EE7C-4518-9A7E-F9A42BFEA02C}.Debug|x64.ActiveCfg = Debug|x64
		{C75E3465-EE7C-4518-9A7E-F9A42BFEA02C}.Debug|x64.Build.0 = Debug|x64
		{C75E3465-EE7C-4518-9A7E-F9A42BFEA02C}.Release|Any CPU.ActiveCfg = Release|x64
		{C75E3465-EE7C-4518-9A7E-F9A42BFEA02C}.Release|x64.ActiveCfg = Release|x64
		{C75E3465-EE7C-4518-9A7E-F9A42BFEA02C}.Release|x64.Build.0 = Release|x64
		{796AE7CB-89E1-448C-9E56-42318A2439F2}.Debug|Any CPU.ActiveCfg = Debug|x64
		{796AE7CB-89E1-448C-9E56-42318A2439F2}.Debug|x64.ActiveCfg = Debug|x64
		{796AE7CB-89E1-448C-9E56-42318A2439F2}.Debug|x64.Build.0 = Debug|x64
		{796AE7CB-89E1-448C-9E56-42318A2439F2}.Release|Any CPU.ActiveCfg = Release|x64
		{796AE7CB-89E1-448C-9E56-42318A2439F2}.Release|x64.ActiveCfg = Release|x64
		{796AE7CB-89E1-448C-9E56-42318A2439F2}.Release|x64.Build.0 = Release|x64
		{378370A4-8831-4240-8597-0D9166ABC169}.Debug|Any CPU.ActiveCfg = Debug|x64
		{378370A4-8831-4240-8597-0D9166ABC169}.Debug|x64.ActiveCfg = Debug|x64
		{378370A4-8831-4240-8597-0D9166ABC169}.Debug|x64.Build.0 = Debug|x64
		{378370A4-8831-4240-8597-0D9166ABC169}.Release|Any CPU.ActiveCfg = Release|x64
		{378370A4-8831-4240-8597-0D9166ABC169}.Release|x64.ActiveCfg = Release|x64
		{378370A4-8831-4240-8597-0D9166ABC169}.Release|x64.Build.0 = Release|x64
		{48746BC6-E2BF-4D4E-BAF3-D62AD3EF6724}.Debug|Any CPU.ActiveCfg = Debug|Any CPU
		{48746BC6-E2BF-4D4E-BAF3-D62AD3EF6724}.Debug|Any CPU.Build.0 = Debug|Any CPU
		{48746BC6-E2BF-4D4E-BAF3-D62AD3EF6724}.Debug|x64.ActiveCfg = Debug|Any CPU
		{48746BC6-E2BF-4D4E-BAF3-D62AD3EF6724}.Debug|x64.Build.0 = Debug|Any CPU
		{48746BC6-E2BF-4D4E-BAF3-D62AD3EF6724}.Release|Any CPU.ActiveCfg = Release|Any CPU
		{48746BC6-E2BF-4D4E-BAF3-D62AD3EF6724}.Release|Any CPU.Build.0 = Release|Any CPU
		{48746BC6-E2BF-4D4E-BAF3-D62AD3EF6724}.Release|x64.ActiveCfg = Release|Any CPU
		{48746BC6-E2BF-4D4E-BAF3-D62AD3EF6724}.Release|x64.Build.0 = Release|Any CPU
		{7E9309E1-FD0A-4E6A-8498-345346441F55}.Debug|Any CPU.ActiveCfg = Debug|Any CPU
		{7E9309E1-FD0A-4E6A-8498-345346441F55}.Debug|Any CPU.Build.0 = Debug|Any CPU
		{7E9309E1-FD0A-4E6A-8498-345346441F55}.Debug|x64.ActiveCfg = Debug|Any CPU
		{7E9309E1-FD0A-4E6A-8498-345346441F55}.Debug|x64.Build.0 = Debug|Any CPU
		{7E9309E1-FD0A-4E6A-8498-345346441F55}.Release|Any CPU.ActiveCfg = Release|Any CPU
		{7E9309E1-FD0A-4E6A-8498-345346441F55}.Release|Any CPU.Build.0 = Release|Any CPU
		{7E9309E1-FD0A-4E6A-8498-345346441F55}.Release|x64.ActiveCfg = Release|Any CPU
		{7E9309E1-FD0A-4E6A-8498-345346441F55}.Release|x64.Build.0 = Release|Any CPU
		{D2BD63C4-2871-4791-ACDA-2865A322E35D}.Debug|Any CPU.ActiveCfg = Debug|x64
		{D2BD63C4-2871-4791-ACDA-2865A322E35D}.Debug|x64.ActiveCfg = Debug|x64
		{D2BD63C4-2871-4791-ACDA-2865A322E35D}.Debug|x64.Build.0 = Debug|x64
		{D2BD63C4-2871-4791-ACDA-2865A322E35D}.Release|Any CPU.ActiveCfg = Release|x64
		{D2BD63C4-2871-4791-ACDA-2865A322E35D}.Release|x64.ActiveCfg = Release|x64
		{D2BD63C4-2871-4791-ACDA-2865A322E35D}.Release|x64.Build.0 = Release|x64
		{890CA30A-12BF-43AC-9152-A32DBD152BF3}.Debug|Any CPU.ActiveCfg = Debug|Any CPU
		{890CA30A-12BF-43AC-9152-A32DBD152BF3}.Debug|Any CPU.Build.0 = Debug|Any CPU
		{890CA30A-12BF-43AC-9152-A32DBD152BF3}.Debug|x64.ActiveCfg = Debug|Any CPU
		{890CA30A-12BF-43AC-9152-A32DBD152BF3}.Debug|x64.Build.0 = Debug|Any CPU
		{890CA30A-12BF-43AC-9152-A32DBD152BF3}.Release|Any CPU.ActiveCfg = Release|Any CPU
		{890CA30A-12BF-43AC-9152-A32DBD152BF3}.Release|Any CPU.Build.0 = Release|Any CPU
		{890CA30A-12BF-43AC-9152-A32DBD152BF3}.Release|x64.ActiveCfg = Release|Any CPU
		{890CA30A-12BF-43AC-9152-A32DBD152BF3}.Release|x64.Build.0 = Release|Any CPU
		{C16A83F8-7700-4885-9F00-7559046339AB}.Debug|Any CPU.ActiveCfg = Debug|Any CPU
		{C16A83F8-7700-4885-9F00-7559046339AB}.Debug|Any CPU.Build.0 = Debug|Any CPU
		{C16A83F8-7700-4885-9F00-7559046339AB}.Debug|x64.ActiveCfg = Debug|Any CPU
		{C16A83F8-7700-4885-9F00-7559046339AB}.Debug|x64.Build.0 = Debug|Any CPU
		{C16A83F8-7700-4885-9F00-7559046339AB}.Release|Any CPU.ActiveCfg = Release|Any CPU
		{C16A83F8-7700-4885-9F00-7559046339AB}.Release|Any CPU.Build.0 = Release|Any CPU
		{C16A83F8-7700-4885-9F00-7559046339AB}.Release|x64.ActiveCfg = Release|Any CPU
		{C16A83F8-7700-4885-9F00-7559046339AB}.Release|x64.Build.0 = Release|Any CPU
	EndGlobalSection
	GlobalSection(SolutionProperties) = preSolution
		HideSolutionNode = FALSE
	EndGlobalSection
	GlobalSection(NestedProjects) = preSolution
		{D0079156-7671-4B69-9B38-1663E3D68D81} = {24503FFC-9B39-45A0-97CE-A8749B68316E}
		{94E74233-756D-4ECB-BB35-9F740BA73E5D} = {D0079156-7671-4B69-9B38-1663E3D68D81}
		{5CFA9070-14CD-44F2-833F-D59A13CADA0F} = {24503FFC-9B39-45A0-97CE-A8749B68316E}
		{37805E02-3316-472E-A1C1-9E16D2DEDD78} = {5CFA9070-14CD-44F2-833F-D59A13CADA0F}
		{4850A2AE-52F9-449F-B1D2-8F0834633112} = {5CFA9070-14CD-44F2-833F-D59A13CADA0F}
		{C75E3465-EE7C-4518-9A7E-F9A42BFEA02C} = {5CFA9070-14CD-44F2-833F-D59A13CADA0F}
		{796AE7CB-89E1-448C-9E56-42318A2439F2} = {5CFA9070-14CD-44F2-833F-D59A13CADA0F}
		{378370A4-8831-4240-8597-0D9166ABC169} = {5CFA9070-14CD-44F2-833F-D59A13CADA0F}
		{48746BC6-E2BF-4D4E-BAF3-D62AD3EF6724} = {5CFA9070-14CD-44F2-833F-D59A13CADA0F}
		{7E9309E1-FD0A-4E6A-8498-345346441F55} = {5CFA9070-14CD-44F2-833F-D59A13CADA0F}
		{D2BD63C4-2871-4791-ACDA-2865A322E35D} = {D0079156-7671-4B69-9B38-1663E3D68D81}
		{890CA30A-12BF-43AC-9152-A32DBD152BF3} = {D0079156-7671-4B69-9B38-1663E3D68D81}
		{5A1EB6D6-F6DC-4872-B0D7-EB4CA01CE562} = {24503FFC-9B39-45A0-97CE-A8749B68316E}
		{C16A83F8-7700-4885-9F00-7559046339AB} = {5A1EB6D6-F6DC-4872-B0D7-EB4CA01CE562}
	EndGlobalSection
EndGlobal
